
Microsoft Visual Studio Solution File, Format Version 12.00
# Visual Studio Version 16
VisualStudioVersion = 16.0.31112.23
MinimumVisualStudioVersion = 10.0.40219.1
Project("{FAE04EC0-301F-11D3-BF4B-00C04F79EFBC}") = "PurchaseBot", "PurchaseBot\PurchaseBot.csproj", "{29CD4867-2D97-42DA-AE52-8DB495CA4404}"
EndProject
Global
	GlobalSection(SolutionConfigurationPlatforms) = preSolution
		Debug|Any CPU = Debug|Any CPU
		Release|Any CPU = Release|Any CPU
	EndGlobalSection
	GlobalSection(ProjectConfigurationPlatforms) = postSolution
		{29CD4867-2D97-42DA-AE52-8DB495CA4404}.Debug|Any CPU.ActiveCfg = Debug|Any CPU
		{29CD4867-2D97-42DA-AE52-8DB495CA4404}.Debug|Any CPU.Build.0 = Debug|Any CPU
		{29CD4867-2D97-42DA-AE52-8DB495CA4404}.Release|Any CPU.ActiveCfg = Release|Any CPU
		{29CD4867-2D97-42DA-AE52-8DB495CA4404}.Release|Any CPU.Build.0 = Release|Any CPU
	EndGlobalSection
	GlobalSection(SolutionProperties) = preSolution
		HideSolutionNode = FALSE
	EndGlobalSection
	GlobalSection(ExtensibilityGlobals) = postSolution
		SolutionGuid = {4DD1D503-BB54-457B-8764-32A0E6B2B73E}
	EndGlobalSection
EndGlobal
